{
  "name": "playwright-request-repo",
  "version": "1.0.0",
  "lockfileVersion": 2,
  "requires": true,
  "packages": {
    "": {
      "name": "playwright-request-repo",
      "version": "1.0.0",
      "license": "ISC",
      "dependencies": {
        "gzip-js": "^0.3.2"
      },
      "devDependencies": {
        "@playwright/test": "^1.23.4"
      }
    },
    "node_modules/@playwright/test": {
      "version": "1.23.4",
      "resolved": "https://registry.npmjs.org/@playwright/test/-/test-1.23.4.tgz",
      "integrity": "sha512-iIsoMJDS/lyuhw82FtcV/B3PXikgVD3hNe5hyvOpRM0uRr1OIpN3LgPeRbBjhzBWmyf6RgRg5fqK5sVcpA03yA==",
      "dev": true,
      "dependencies": {
        "@types/node": "*",
        "playwright-core": "1.23.4"
      },
      "bin": {
        "playwright": "cli.js"
      },
      "engines": {
        "node": ">=14"
      }
    },
    "node_modules/@types/node": {
      "version": "18.0.6",
      "resolved": "https://registry.npmjs.org/@types/node/-/node-18.0.6.tgz",
      "integrity": "sha512-/xUq6H2aQm261exT6iZTMifUySEt4GR5KX8eYyY+C4MSNPqSh9oNIP7tz2GLKTlFaiBbgZNxffoR3CVRG+cljw==",
      "dev": true
    },
    "node_modules/crc32": {
      "version": "0.2.2",
      "resolved": "https://registry.npmjs.org/crc32/-/crc32-0.2.2.tgz",
      "integrity": "sha512-PFZEGbDUeoNbL2GHIEpJRQGheXReDody/9axKTxhXtQqIL443wnNigtVZO9iuCIMPApKZRv7k2xr8euXHqNxQQ==",
      "bin": {
        "crc32": "bin/runner.js"
      },
      "engines": {
        "node": ">= 0.4.0"
      }
    },
    "node_modules/deflate-js": {
      "version": "0.2.3",
      "resolved": "https://registry.npmjs.org/deflate-js/-/deflate-js-0.2.3.tgz",
      "integrity": "sha512-r5KgHJ/yTiWQs23nVeQz5dSL/kmW0MBszsssNyEqDCjjFDj4XG/c6QUN/I0JtY3ZHwwcaNBtGE8s+oV33acTfQ==",
      "bin": {
        "deflate-js": "bin/deflate.js",
        "inflate-js": "bin/inflate.js"
      },
      "engines": {
        "node": ">= 0.4.0"
      }
    },
    "node_modules/gzip-js": {
      "version": "0.3.2",
      "resolved": "https://registry.npmjs.org/gzip-js/-/gzip-js-0.3.2.tgz",
      "integrity": "sha512-BFTiwtEN12koJsnhVo77SzW+u6VANzhaK0HEtdwFwgFzFOq1WQJ8eSPEyGAueUfs1C/WqdgtuYnUwCRuRm1A5Q==",
      "dependencies": {
        "crc32": ">= 0.2.2",
        "deflate-js": ">= 0.2.2"
      },
      "bin": {
        "gunzip-js": "bin/gunzip.js",
        "gzip-js": "bin/gzip.js"
      },
      "engines": {
        "node": ">= 0.4.0"
      }
    },
    "node_modules/playwright-core": {
      "version": "1.23.4",
      "resolved": "https://registry.npmjs.org/playwright-core/-/playwright-core-1.23.4.tgz",
      "integrity": "sha512-h5V2yw7d8xIwotjyNrkLF13nV9RiiZLHdXeHo+nVJIYGVlZ8U2qV0pMxNJKNTvfQVT0N8/A4CW6/4EW2cOcTiA==",
      "dev": true,
      "bin": {
        "playwright": "cli.js"
      },
      "engines": {
        "node": ">=14"
      }
    }
  },
  "dependencies": {
    "@playwright/test": {
      "version": "1.23.4",
      "resolved": "https://registry.npmjs.org/@playwright/test/-/test-1.23.4.tgz",
      "integrity": "sha512-iIsoMJDS/lyuhw82FtcV/B3PXikgVD3hNe5hyvOpRM0uRr1OIpN3LgPeRbBjhzBWmyf6RgRg5fqK5sVcpA03yA==",
      "dev": true,
      "requires": {
        "@types/node": "*",
        "playwright-core": "1.23.4"
      }
    },
    "@types/node": {
      "version": "18.0.6",
      "resolved": "https://registry.npmjs.org/@types/node/-/node-18.0.6.tgz",
      "integrity": "sha512-/xUq6H2aQm261exT6iZTMifUySEt4GR5KX8eYyY+C4MSNPqSh9oNIP7tz2GLKTlFaiBbgZNxffoR3CVRG+cljw==",
      "dev": true
    },
    "crc32": {
      "version": "0.2.2",
      "resolved": "https://registry.npmjs.org/crc32/-/crc32-0.2.2.tgz",
      "integrity": "sha512-PFZEGbDUeoNbL2GHIEpJRQGheXReDody/9axKTxhXtQqIL443wnNigtVZO9iuCIMPApKZRv7k2xr8euXHqNxQQ=="
    },
    "deflate-js": {
      "version": "0.2.3",
      "resolved": "https://registry.npmjs.org/deflate-js/-/deflate-js-0.2.3.tgz",
      "integrity": "sha512-r5KgHJ/yTiWQs23nVeQz5dSL/kmW0MBszsssNyEqDCjjFDj4XG/c6QUN/I0JtY3ZHwwcaNBtGE8s+oV33acTfQ=="
    },
    "gzip-js": {
      "version": "0.3.2",
      "resolved": "https://registry.npmjs.org/gzip-js/-/gzip-js-0.3.2.tgz",
      "integrity": "sha512-BFTiwtEN12koJsnhVo77SzW+u6VANzhaK0HEtdwFwgFzFOq1WQJ8eSPEyGAueUfs1C/WqdgtuYnUwCRuRm1A5Q==",
      "requires": {
        "crc32": ">= 0.2.2",
        "deflate-js": ">= 0.2.2"
      }
    },
    "playwright-core": {
      "version": "1.23.4",
      "resolved": "https://registry.npmjs.org/playwright-core/-/playwright-core-1.23.4.tgz",
      "integrity": "sha512-h5V2yw7d8xIwotjyNrkLF13nV9RiiZLHdXeHo+nVJIYGVlZ8U2qV0pMxNJKNTvfQVT0N8/A4CW6/4EW2cOcTiA==",
      "dev": true
    }
  }
}
